# This file is automatically @generated by Cargo.
# It is not intended for manual editing.
version = 3

[[package]]
name = "ahash"
version = "0.8.11"
source = "registry+ssh://git@github.com/rust-lang/crates.io-index.git"
checksum = "e89da841a80418a9b391ebaea17f5c112ffaaa96f621d2c285b5174da76b9011"
dependencies = [
 "cfg-if",
 "once_cell",
 "version_check",
 "zerocopy",
]

[[package]]
name = "base64"
version = "0.13.1"
source = "registry+ssh://git@github.com/rust-lang/crates.io-index.git"
checksum = "9e1b586273c5702936fe7b7d6896644d8be71e6314cfe09d3167c95f712589e8"

[[package]]
name = "base64"
version = "0.22.1"
source = "registry+ssh://git@github.com/rust-lang/crates.io-index.git"
checksum = "72b3254f16251a8381aa12e40e3c4d2f0199f8c6508fbecb9d91f575e0fbb8c6"

[[package]]
name = "bcrypt"
version = "0.15.1"
source = "registry+ssh://git@github.com/rust-lang/crates.io-index.git"
checksum = "e65938ed058ef47d92cf8b346cc76ef48984572ade631927e9937b5ffc7662c7"
dependencies = [
 "base64 0.22.1",
 "blowfish",
 "getrandom",
 "subtle",
 "zeroize",
]

[[package]]
name = "bitflags"
version = "2.6.0"
source = "registry+ssh://git@github.com/rust-lang/crates.io-index.git"
checksum = "b048fb63fd8b5923fc5aa7b340d8e156aec7ec02f0c78fa8a6ddc2613f6f71de"

[[package]]
name = "block-buffer"
version = "0.10.4"
source = "registry+ssh://git@github.com/rust-lang/crates.io-index.git"
checksum = "3078c7629b62d3f0439517fa394996acacc5cbc91c5a20d8c658e77abd503a71"
dependencies = [
 "generic-array",
]

[[package]]
name = "blowfish"
version = "0.9.1"
source = "registry+ssh://git@github.com/rust-lang/crates.io-index.git"
checksum = "e412e2cd0f2b2d93e02543ceae7917b3c70331573df19ee046bcbc35e45e87d7"
dependencies = [
 "byteorder",
 "cipher",
]

[[package]]
name = "byteorder"
version = "1.5.0"
source = "registry+ssh://git@github.com/rust-lang/crates.io-index.git"
checksum = "1fd0f2584146f6f2ef48085050886acf353beff7305ebd1ae69500e27c67f64b"

[[package]]
name = "cfg-if"
version = "1.0.0"
source = "registry+ssh://git@github.com/rust-lang/crates.io-index.git"
checksum = "baf1de4339761588bc0619e3cbc0120ee582ebb74b53b4efbf79117bd2da40fd"

[[package]]
name = "cipher"
version = "0.4.4"
source = "registry+ssh://git@github.com/rust-lang/crates.io-index.git"
checksum = "773f3b9af64447d2ce9850330c473515014aa235e6a783b02db81ff39e4a3dad"
dependencies = [
 "crypto-common",
 "inout",
]

[[package]]
name = "cpufeatures"
version = "0.2.14"
source = "registry+ssh://git@github.com/rust-lang/crates.io-index.git"
checksum = "608697df725056feaccfa42cffdaeeec3fccc4ffc38358ecd19b243e716a78e0"
dependencies = [
 "libc",
]

[[package]]
name = "crypto-common"
version = "0.1.6"
source = "registry+ssh://git@github.com/rust-lang/crates.io-index.git"
checksum = "1bfb12502f3fc46cca1bb51ac28df9d618d813cdc3d2f25b9fe775a34af26bb3"
dependencies = [
 "generic-array",
 "typenum",
]

[[package]]
name = "digest"
version = "0.10.7"
source = "registry+ssh://git@github.com/rust-lang/crates.io-index.git"
checksum = "9ed9a281f7bc9b7576e61468ba615a66a5c8cfdff42420a70aa82701a3b1e292"
dependencies = [
 "block-buffer",
 "crypto-common",
 "subtle",
]

[[package]]
name = "fallible-iterator"
version = "0.3.0"
source = "registry+ssh://git@github.com/rust-lang/crates.io-index.git"
checksum = "2acce4a10f12dc2fb14a218589d4f1f62ef011b2d0cc4b3cb1bba8e94da14649"

[[package]]
name = "fallible-streaming-iterator"
version = "0.1.9"
source = "registry+ssh://git@github.com/rust-lang/crates.io-index.git"
checksum = "7360491ce676a36bf9bb3c56c1aa791658183a54d2744120f27285738d90465a"

[[package]]
name = "generic-array"
version = "0.14.7"
source = "registry+ssh://git@github.com/rust-lang/crates.io-index.git"
checksum = "85649ca51fd72272d7821adaf274ad91c288277713d9c18820d8499a7ff69e9a"
dependencies = [
 "typenum",
 "version_check",
]

[[package]]
name = "getrandom"
version = "0.2.15"
source = "registry+ssh://git@github.com/rust-lang/crates.io-index.git"
checksum = "c4567c8db10ae91089c99af84c68c38da3ec2f087c3f82960bcdbf3656b6f4d7"
dependencies = [
 "cfg-if",
 "libc",
 "wasi",
]

[[package]]
name = "hashbrown"
version = "0.14.5"
source = "registry+ssh://git@github.com/rust-lang/crates.io-index.git"
checksum = "e5274423e17b7c9fc20b6e7e208532f9b19825d82dfd615708b70edd83df41f1"
dependencies = [
 "ahash",
]

[[package]]
name = "hashlink"
version = "0.9.1"
source = "registry+ssh://git@github.com/rust-lang/crates.io-index.git"
checksum = "6ba4ff7128dee98c7dc9794b6a411377e1404dba1c97deb8d1a55297bd25d8af"
dependencies = [
 "hashbrown",
]

[[package]]
name = "hmac"
version = "0.12.1"
source = "registry+ssh://git@github.com/rust-lang/crates.io-index.git"
checksum = "6c49c37c09c17a53d937dfbb742eb3a961d65a994e6bcdcf37e7399d0cc8ab5e"
dependencies = [
 "digest",
]

[[package]]
name = "inout"
version = "0.1.3"
source = "registry+ssh://git@github.com/rust-lang/crates.io-index.git"
checksum = "a0c10553d664a4d0bcff9f4215d0aac67a639cc68ef660840afe309b807bc9f5"
dependencies = [
 "generic-array",
]

[[package]]
name = "itoa"
version = "1.0.11"
source = "registry+ssh://git@github.com/rust-lang/crates.io-index.git"
checksum = "49f1f14873335454500d59611f1cf4a4b0f786f9ac11f4312a78e4cf2566695b"

[[package]]
name = "jwt"
version = "0.16.0"
source = "registry+ssh://git@github.com/rust-lang/crates.io-index.git"
checksum = "6204285f77fe7d9784db3fdc449ecce1a0114927a51d5a41c4c7a292011c015f"
dependencies = [
 "base64 0.13.1",
 "crypto-common",
 "digest",
 "hmac",
 "serde",
 "serde_json",
 "sha2",
]

[[package]]
name = "libc"
version = "0.2.161"
source = "registry+ssh://git@github.com/rust-lang/crates.io-index.git"
checksum = "8e9489c2807c139ffd9c1794f4af0ebe86a828db53ecdc7fea2111d0fed085d1"

[[package]]
name = "libsqlite3-sys"
version = "0.30.1"
source = "registry+ssh://git@github.com/rust-lang/crates.io-index.git"
checksum = "2e99fb7a497b1e3339bc746195567ed8d3e24945ecd636e3619d20b9de9e9149"
dependencies = [
 "pkg-config",
 "vcpkg",
]

[[package]]
name = "memchr"
version = "2.7.4"
source = "registry+ssh://git@github.com/rust-lang/crates.io-index.git"
checksum = "78ca9ab1a0babb1e7d5695e3530886289c18cf2f87ec19a575a0abdce112e3a3"

[[package]]
name = "once_cell"
version = "1.20.2"
source = "registry+ssh://git@github.com/rust-lang/crates.io-index.git"
checksum = "1261fe7e33c73b354eab43b1273a57c8f967d0391e80353e51f764ac02cf6775"

[[package]]
name = "pkg-config"
version = "0.3.31"
source = "registry+ssh://git@github.com/rust-lang/crates.io-index.git"
checksum = "953ec861398dccce10c670dfeaf3ec4911ca479e9c02154b3a215178c5f566f2"

[[package]]
name = "proc-macro2"
version = "1.0.89"
source = "registry+ssh://git@github.com/rust-lang/crates.io-index.git"
checksum = "f139b0662de085916d1fb67d2b4169d1addddda1919e696f3252b740b629986e"
dependencies = [
 "unicode-ident",
]

[[package]]
name = "quote"
version = "1.0.37"
source = "registry+ssh://git@github.com/rust-lang/crates.io-index.git"
checksum = "b5b9d34b8991d19d98081b46eacdd8eb58c6f2b201139f7c5f643cc155a633af"
dependencies = [
 "proc-macro2",
]

[[package]]
name = "rusqlite"
version = "0.32.1"
source = "registry+ssh://git@github.com/rust-lang/crates.io-index.git"
checksum = "7753b721174eb8ff87a9a0e799e2d7bc3749323e773db92e0984debb00019d6e"
dependencies = [
 "bitflags",
 "fallible-iterator",
 "fallible-streaming-iterator",
 "hashlink",
 "libsqlite3-sys",
 "smallvec",
]

[[package]]
name = "ryu"
version = "1.0.18"
source = "registry+ssh://git@github.com/rust-lang/crates.io-index.git"
checksum = "f3cb5ba0dc43242ce17de99c180e96db90b235b8a9fdc9543c96d2209116bd9f"

[[package]]
name = "serde"
version = "1.0.214"
source = "registry+ssh://git@github.com/rust-lang/crates.io-index.git"
checksum = "f55c3193aca71c12ad7890f1785d2b73e1b9f63a0bbc353c08ef26fe03fc56b5"
dependencies = [
 "serde_derive",
]

[[package]]
name = "serde_derive"
version = "1.0.214"
source = "registry+ssh://git@github.com/rust-lang/crates.io-index.git"
checksum = "de523f781f095e28fa605cdce0f8307e451cc0fd14e2eb4cd2e98a355b147766"
dependencies = [
 "proc-macro2",
 "quote",
 "syn",
]

[[package]]
name = "serde_json"
version = "1.0.132"
source = "registry+ssh://git@github.com/rust-lang/crates.io-index.git"
checksum = "d726bfaff4b320266d395898905d0eba0345aae23b54aee3a737e260fd46db03"
dependencies = [
 "itoa",
 "memchr",
 "ryu",
 "serde",
]

[[package]]
name = "sha2"
version = "0.10.8"
source = "registry+ssh://git@github.com/rust-lang/crates.io-index.git"
checksum = "793db75ad2bcafc3ffa7c68b215fee268f537982cd901d132f89c6343f3a3dc8"
dependencies = [
 "cfg-if",
 "cpufeatures",
 "digest",
]

[[package]]
name = "smallvec"
version = "1.13.2"
source = "registry+ssh://git@github.com/rust-lang/crates.io-index.git"
checksum = "3c5e1a9a646d36c3599cd173a41282daf47c44583ad367b8e6837255952e5c67"

[[package]]
name = "subtle"
version = "2.6.1"
source = "registry+ssh://git@github.com/rust-lang/crates.io-index.git"
checksum = "13c2bddecc57b384dee18652358fb23172facb8a2c51ccc10d74c157bdea3292"

[[package]]
name = "syn"
version = "2.0.85"
source = "registry+ssh://git@github.com/rust-lang/crates.io-index.git"
checksum = "5023162dfcd14ef8f32034d8bcd4cc5ddc61ef7a247c024a33e24e1f24d21b56"
dependencies = [
 "proc-macro2",
 "quote",
 "unicode-ident",
]

[[package]]
name = "tors"
version = "0.1.0"
dependencies = [
 "bcrypt",
 "jwt",
 "rusqlite",
 "uuid",
]

[[package]]
name = "typenum"
version = "1.17.0"
source = "registry+ssh://git@github.com/rust-lang/crates.io-index.git"
checksum = "42ff0bf0c66b8238c6f3b578df37d0b7848e55df8577b3f74f92a69acceeb825"

[[package]]
name = "unicode-ident"
version = "1.0.13"
source = "registry+ssh://git@github.com/rust-lang/crates.io-index.git"
checksum = "e91b56cd4cadaeb79bbf1a5645f6b4f8dc5bde8834ad5894a8db35fda9efa1fe"

[[package]]
name = "uuid"
version = "1.11.0"
source = "registry+ssh://git@github.com/rust-lang/crates.io-index.git"
checksum = "f8c5f0a0af699448548ad1a2fbf920fb4bee257eae39953ba95cb84891a0446a"
dependencies = [
 "getrandom",
]

[[package]]
name = "vcpkg"
version = "0.2.15"
source = "registry+ssh://git@github.com/rust-lang/crates.io-index.git"
checksum = "accd4ea62f7bb7a82fe23066fb0957d48ef677f6eeb8215f372f52e48bb32426"

[[package]]
name = "version_check"
version = "0.9.5"
source = "registry+ssh://git@github.com/rust-lang/crates.io-index.git"
checksum = "0b928f33d975fc6ad9f86c8f283853ad26bdd5b10b7f1542aa2fa15e2289105a"

[[package]]
name = "wasi"
version = "0.11.0+wasi-snapshot-preview1"
source = "registry+ssh://git@github.com/rust-lang/crates.io-index.git"
checksum = "9c8d87e72b64a3b4db28d11ce29237c246188f4f51057d65a7eab63b7987e423"

[[package]]
name = "zerocopy"
version = "0.7.35"
source = "registry+ssh://git@github.com/rust-lang/crates.io-index.git"
checksum = "1b9b4fd18abc82b8136838da5d50bae7bdea537c574d8dc1a34ed098d6c166f0"
dependencies = [
 "zerocopy-derive",
]

[[package]]
name = "zerocopy-derive"
version = "0.7.35"
source = "registry+ssh://git@github.com/rust-lang/crates.io-index.git"
checksum = "fa4f8080344d4671fb4e831a13ad1e68092748387dfc4f55e356242fae12ce3e"
dependencies = [
 "proc-macro2",
 "quote",
 "syn",
]

[[package]]
name = "zeroize"
version = "1.8.1"
source = "registry+ssh://git@github.com/rust-lang/crates.io-index.git"
checksum = "ced3678a2879b30306d323f4542626697a464a97c0a07c9aebf7ebca65cd4dde"
